// !$*UTF8*$!
{
	archiveVersion = 1;
	classes = {
	};
	objectVersion = 56;
	objects = {

/* Begin PBXBuildFile section */
		096EF05229BFE92100BA27C6 /* main.cpp in Sources */ = {isa = PBXBuildFile; fileRef = 096EF05129BFE92100BA27C6 /* main.cpp */; };
		096EF05A29BFE9AE00BA27C6 /* OpenGL.framework in Frameworks */ = {isa = PBXBuildFile; fileRef = 096EF05929BFE9AE00BA27C6 /* OpenGL.framework */; };
		096EF05C29BFE9B400BA27C6 /* GLUT.framework in Frameworks */ = {isa = PBXBuildFile; fileRef = 096EF05B29BFE9B400BA27C6 /* GLUT.framework */; };
		09E16BAE29C910B4002FDA31 /* game.cpp in Sources */ = {isa = PBXBuildFile; fileRef = 09E16BAD29C910B4002FDA31 /* game.cpp */; };
		09E16BB029C927E5002FDA31 /* startingMenu.cpp in Sources */ = {isa = PBXBuildFile; fileRef = 09E16BAF29C927E5002FDA31 /* startingMenu.cpp */; };
/* End PBXBuildFile section */

/* Begin PBXCopyFilesBuildPhase section */
		096EF04C29BFE92100BA27C6 /* CopyFiles */ = {
			isa = PBXCopyFilesBuildPhase;
			buildActionMask = 2147483647;
			dstPath = /usr/share/man/man1/;
			dstSubfolderSpec = 0;
			files = (
			);
			runOnlyForDeploymentPostprocessing = 1;
		};
/* End PBXCopyFilesBuildPhase section */

/* Begin PBXFileReference section */
		096EF04E29BFE92100BA27C6 /* Ultimate Tic Tac Toe */ = {isa = PBXFileReference; explicitFileType = "compiled.mach-o.executable"; includeInIndex = 0; path = "Ultimate Tic Tac Toe"; sourceTree = BUILT_PRODUCTS_DIR; };
		096EF05129BFE92100BA27C6 /* main.cpp */ = {isa = PBXFileReference; lastKnownFileType = sourcecode.cpp.cpp; path = main.cpp; sourceTree = "<group>"; };
		096EF05929BFE9AE00BA27C6 /* OpenGL.framework */ = {isa = PBXFileReference; lastKnownFileType = wrapper.framework; name = OpenGL.framework; path = System/Library/Frameworks/OpenGL.framework; sourceTree = SDKROOT; };
		096EF05B29BFE9B400BA27C6 /* GLUT.framework */ = {isa = PBXFileReference; lastKnownFileType = wrapper.framework; name = GLUT.framework; path = System/Library/Frameworks/GLUT.framework; sourceTree = SDKROOT; };
		096EF06129C132C200BA27C6 /* README */ = {isa = PBXFileReference; lastKnownFileType = text; path = README; sourceTree = "<group>"; };
		09E16BAD29C910B4002FDA31 /* game.cpp */ = {isa = PBXFileReference; lastKnownFileType = sourcecode.cpp.cpp; path = game.cpp; sourceTree = "<group>"; };
		09E16BAF29C927E5002FDA31 /* startingMenu.cpp */ = {isa = PBXFileReference; lastKnownFileType = sourcecode.cpp.cpp; path = startingMenu.cpp; sourceTree = "<group>"; };
/* End PBXFileReference section */

/* Begin PBXFrameworksBuildPhase section */
		096EF04B29BFE92100BA27C6 /* Frameworks */ = {
			isa = PBXFrameworksBuildPhase;
			buildActionMask = 2147483647;
			files = (
				096EF05C29BFE9B400BA27C6 /* GLUT.framework in Frameworks */,
				096EF05A29BFE9AE00BA27C6 /* OpenGL.framework in Frameworks */,
			);
			runOnlyForDeploymentPostprocessing = 0;
		};
/* End PBXFrameworksBuildPhase section */

/* Begin PBXGroup section */
		096EF04529BFE92100BA27C6 = {
			isa = PBXGroup;
			children = (
				096EF05029BFE92100BA27C6 /* Ultimate Tic Tac Toe */,
				096EF04F29BFE92100BA27C6 /* Products */,
				096EF05829BFE9AE00BA27C6 /* Frameworks */,
			);
			sourceTree = "<group>";
		};
		096EF04F29BFE92100BA27C6 /* Products */ = {
			isa = PBXGroup;
			children = (
				096EF04E29BFE92100BA27C6 /* Ultimate Tic Tac Toe */,
			);
			name = Products;
			sourceTree = "<group>";
		};
		096EF05029BFE92100BA27C6 /* Ultimate Tic Tac Toe */ = {
			isa = PBXGroup;
			children = (
				096EF05129BFE92100BA27C6 /* main.cpp */,
				096EF06129C132C200BA27C6 /* README */,
				09E16BAD29C910B4002FDA31 /* game.cpp */,
				09E16BAF29C927E5002FDA31 /* startingMenu.cpp */,
			);
			path = "Ultimate Tic Tac Toe";
			sourceTree = "<group>";
		};
		096EF05829BFE9AE00BA27C6 /* Frameworks */ = {
			isa = PBXGroup;
			children = (
				096EF05B29BFE9B400BA27C6 /* GLUT.framework */,
				096EF05929BFE9AE00BA27C6 /* OpenGL.framework */,
			);
			name = Frameworks;
			sourceTree = "<group>";
		};
/* End PBXGroup section */

/* Begin PBXNativeTarget section */
		096EF04D29BFE92100BA27C6 /* Ultimate Tic Tac Toe */ = {
			isa = PBXNativeTarget;
			buildConfigurationList = 096EF05529BFE92100BA27C6 /* Build configuration list for PBXNativeTarget "Ultimate Tic Tac Toe" */;
			buildPhases = (
				096EF04A29BFE92100BA27C6 /* Sources */,
				096EF04B29BFE92100BA27C6 /* Frameworks */,
				096EF04C29BFE92100BA27C6 /* CopyFiles */,
			);
			buildRules = (
			);
			dependencies = (
			);
			name = "Ultimate Tic Tac Toe";
			productName = "Ultimate Tic Tac Toe";
			productReference = 096EF04E29BFE92100BA27C6 /* Ultimate Tic Tac Toe */;
			productType = "com.apple.product-type.tool";
		};
/* End PBXNativeTarget section */

/* Begin PBXProject section */
		096EF04629BFE92100BA27C6 /* Project object */ = {
			isa = PBXProject;
			attributes = {
				BuildIndependentTargetsInParallel = 1;
				LastUpgradeCheck = 1420;
				TargetAttributes = {
					096EF04D29BFE92100BA27C6 = {
						CreatedOnToolsVersion = 14.2;
					};
				};
			};
			buildConfigurationList = 096EF04929BFE92100BA27C6 /* Build configuration list for PBXProject "Ultimate Tic Tac Toe" */;
			compatibilityVersion = "Xcode 14.0";
			developmentRegion = en;
			hasScannedForEncodings = 0;
			knownRegions = (
				en,
				Base,
			);
			mainGroup = 096EF04529BFE92100BA27C6;
			productRefGroup = 096EF04F29BFE92100BA27C6 /* Products */;
			projectDirPath = "";
			projectRoot = "";
			targets = (
				096EF04D29BFE92100BA27C6 /* Ultimate Tic Tac Toe */,
			);
		};
/* End PBXProject section */

/* Begin PBXSourcesBuildPhase section */
		096EF04A29BFE92100BA27C6 /* Sources */ = {
			isa = PBXSourcesBuildPhase;
			buildActionMask = 2147483647;
			files = (
				096EF05229BFE92100BA27C6 /* main.cpp in Sources */,
				09E16BB029C927E5002FDA31 /* startingMenu.cpp in Sources */,
				09E16BAE29C910B4002FDA31 /* game.cpp in Sources */,
			);
			runOnlyForDeploymentPostprocessing = 0;
		};
/* End PBXSourcesBuildPhase section */

/* Begin XCBuildConfiguration section */
		096EF05329BFE92100BA27C6 /* Debug */ = {
			isa = XCBuildConfiguration;
			buildSettings = {
				ALWAYS_SEARCH_USER_PATHS = NO;
				CLANG_ANALYZER_NONNULL = YES;
				CLANG_ANALYZER_NUMBER_OBJECT_CONVERSION = YES_AGGRESSIVE;
				CLANG_CXX_LANGUAGE_STANDARD = "gnu++20";
				CLANG_ENABLE_MODULES = YES;
				CLANG_ENABLE_OBJC_ARC = YES;
				CLANG_ENABLE_OBJC_WEAK = YES;
				CLANG_WARN_BLOCK_CAPTURE_AUTORELEASING = YES;
				CLANG_WARN_BOOL_CONVERSION = YES;
				CLANG_WARN_COMMA = YES;
				CLANG_WARN_CONSTANT_CONVERSION = YES;
				CLANG_WARN_DEPRECATED_OBJC_IMPLEMENTATIONS = YES;
				CLANG_WARN_DIRECT_OBJC_ISA_USAGE = YES_ERROR;
				CLANG_WARN_DOCUMENTATION_COMMENTS = YES;
				CLANG_WARN_EMPTY_BODY = YES;
				CLANG_WARN_ENUM_CONVERSION = YES;
				CLANG_WARN_INFINITE_RECURSION = YES;
				CLANG_WARN_INT_CONVERSION = YES;
				CLANG_WARN_NON_LITERAL_NULL_CONVERSION = YES;
				CLANG_WARN_OBJC_IMPLICIT_RETAIN_SELF = YES;
				CLANG_WARN_OBJC_LITERAL_CONVERSION = YES;
				CLANG_WARN_OBJC_ROOT_CLASS = YES_ERROR;
				CLANG_WARN_QUOTED_INCLUDE_IN_FRAMEWORK_HEADER = YES;
				CLANG_WARN_RANGE_LOOP_ANALYSIS = YES;
				CLANG_WARN_STRICT_PROTOTYPES = YES;
				CLANG_WARN_SUSPICIOUS_MOVE = YES;
				CLANG_WARN_UNGUARDED_AVAILABILITY = YES_AGGRESSIVE;
				CLANG_WARN_UNREACHABLE_CODE = YES;
				CLANG_WARN__DUPLICATE_METHOD_MATCH = YES;
				COPY_PHASE_STRIP = NO;
				DEBUG_INFORMATION_FORMAT = dwarf;
				ENABLE_STRICT_OBJC_MSGSEND = YES;
				ENABLE_TESTABILITY = YES;
				GCC_C_LANGUAGE_STANDARD = gnu11;
				GCC_DYNAMIC_NO_PIC = NO;
				GCC_NO_COMMON_BLOCKS = YES;
				GCC_OPTIMIZATION_LEVEL = 0;
				GCC_PREPROCESSOR_DEFINITIONS = (
					"DEBUG=1",
					"$(inherited)",
				);
				GCC_WARN_64_TO_32_BIT_CONVERSION = YES;
				GCC_WARN_ABOUT_RETURN_TYPE = YES_ERROR;
				GCC_WARN_UNDECLARED_SELECTOR = YES;
				GCC_WARN_UNINITIALIZED_AUTOS = YES_AGGRESSIVE;
				GCC_WARN_UNUSED_FUNCTION = YES;
				GCC_WARN_UNUSED_VARIABLE = YES;
				MACOSX_DEPLOYMENT_TARGET = 13.1;
				MTL_ENABLE_DEBUG_INFO = INCLUDE_SOURCE;
				MTL_FAST_MATH = YES;
				ONLY_ACTIVE_ARCH = YES;
				SDKROOT = macosx;
			};
			name = Debug;
		};
		096EF05429BFE92100BA27C6 /* Release */ = {
			isa = XCBuildConfiguration;
			buildSettings = {
				ALWAYS_SEARCH_USER_PATHS = NO;
				CLANG_ANALYZER_NONNULL = YES;
				CLANG_ANALYZER_NUMBER_OBJECT_CONVERSION = YES_AGGRESSIVE;
				CLANG_CXX_LANGUAGE_STANDARD = "gnu++20";
				CLANG_ENABLE_MODULES = YES;
				CLANG_ENABLE_OBJC_ARC = YES;
				CLANG_ENABLE_OBJC_WEAK = YES;
				CLANG_WARN_BLOCK_CAPTURE_AUTORELEASING = YES;
				CLANG_WARN_BOOL_CONVERSION = YES;
				CLANG_WARN_COMMA = YES;
				CLANG_WARN_CONSTANT_CONVERSION = YES;
				CLANG_WARN_DEPRECATED_OBJC_IMPLEMENTATIONS = YES;
				CLANG_WARN_DIRECT_OBJC_ISA_USAGE = YES_ERROR;
				CLANG_WARN_DOCUMENTATION_COMMENTS = YES;
				CLANG_WARN_EMPTY_BODY = YES;
				CLANG_WARN_ENUM_CONVERSION = YES;
				CLANG_WARN_INFINITE_RECURSION = YES;
				CLANG_WARN_INT_CONVERSION = YES;
				CLANG_WARN_NON_LITERAL_NULL_CONVERSION = YES;
				CLANG_WARN_OBJC_IMPLICIT_RETAIN_SELF = YES;
				CLANG_WARN_OBJC_LITERAL_CONVERSION = YES;
				CLANG_WARN_OBJC_ROOT_CLASS = YES_ERROR;
				CLANG_WARN_QUOTED_INCLUDE_IN_FRAMEWORK_HEADER = YES;
				CLANG_WARN_RANGE_LOOP_ANALYSIS = YES;
				CLANG_WARN_STRICT_PROTOTYPES = YES;
				CLANG_WARN_SUSPICIOUS_MOVE = YES;
				CLANG_WARN_UNGUARDED_AVAILABILITY = YES_AGGRESSIVE;
				CLANG_WARN_UNREACHABLE_CODE = YES;
				CLANG_WARN__DUPLICATE_METHOD_MATCH = YES;
				COPY_PHASE_STRIP = NO;
				DEBUG_INFORMATION_FORMAT = "dwarf-with-dsym";
				ENABLE_NS_ASSERTIONS = NO;
				ENABLE_STRICT_OBJC_MSGSEND = YES;
				GCC_C_LANGUAGE_STANDARD = gnu11;
				GCC_NO_COMMON_BLOCKS = YES;
				GCC_WARN_64_TO_32_BIT_CONVERSION = YES;
				GCC_WARN_ABOUT_RETURN_TYPE = YES_ERROR;
				GCC_WARN_UNDECLARED_SELECTOR = YES;
				GCC_WARN_UNINITIALIZED_AUTOS = YES_AGGRESSIVE;
				GCC_WARN_UNUSED_FUNCTION = YES;
				GCC_WARN_UNUSED_VARIABLE = YES;
				MACOSX_DEPLOYMENT_TARGET = 13.1;
				MTL_ENABLE_DEBUG_INFO = NO;
				MTL_FAST_MATH = YES;
				SDKROOT = macosx;
			};
			name = Release;
		};
		096EF05629BFE92100BA27C6 /* Debug */ = {
			isa = XCBuildConfiguration;
			buildSettings = {
				CODE_SIGN_STYLE = Automatic;
				DEVELOPMENT_TEAM = 4W798GZZ62;
				ENABLE_HARDENED_RUNTIME = YES;
				PRODUCT_NAME = "$(TARGET_NAME)";
			};
			name = Debug;
		};
		096EF05729BFE92100BA27C6 /* Release */ = {
			isa = XCBuildConfiguration;
			buildSettings = {
				CODE_SIGN_STYLE = Automatic;
				DEVELOPMENT_TEAM = 4W798GZZ62;
				ENABLE_HARDENED_RUNTIME = YES;
				PRODUCT_NAME = "$(TARGET_NAME)";
			};
			name = Release;
		};
/* End XCBuildConfiguration section */

/* Begin XCConfigurationList section */
		096EF04929BFE92100BA27C6 /* Build configuration list for PBXProject "Ultimate Tic Tac Toe" */ = {
			isa = XCConfigurationList;
			buildConfigurations = (
				096EF05329BFE92100BA27C6 /* Debug */,
				096EF05429BFE92100BA27C6 /* Release */,
			);
			defaultConfigurationIsVisible = 0;
			defaultConfigurationName = Release;
		};
		096EF05529BFE92100BA27C6 /* Build configuration list for PBXNativeTarget "Ultimate Tic Tac Toe" */ = {
			isa = XCConfigurationList;
			buildConfigurations = (
				096EF05629BFE92100BA27C6 /* Debug */,
				096EF05729BFE92100BA27C6 /* Release */,
			);
			defaultConfigurationIsVisible = 0;
			defaultConfigurationName = Release;
		};
/* End XCConfigurationList section */
	};
	rootObject = 096EF04629BFE92100BA27C6 /* Project object */;
}
